github.com/FZambia/go-sentinel v0.0.0-20171204085413-76bd05e8e22f h1:Cw8+PWqu3OTXtFUPb6TzFTbYUXrd2EYSM4ZMNwHpvvQ=
github.com/FZambia/go-sentinel v0.0.0-20171204085413-76bd05e8e22f/go.mod h1:Gmudsni9xSECr+W+WXj5+LydMIQ1sVJ69gVswhqFbAc=
github.com/davecgh/go-spew v1.1.0/go.mod h1:J7Y8YcW2NihsgmVo/mv3lAwl/skON4iLHjSsI+c5H38=
github.com/davecgh/go-spew v1.1.1 h1:vj9j/u1bqnvCEfJOwUhtlOARqs3+rkHYY13jYWTU97c=
github.com/davecgh/go-spew v1.1.1/go.mod h1:J7Y8YcW2NihsgmVo/mv3lAwl/skON4iLHjSsI+c5H38=
github.com/garyburd/redigo v1.6.0 h1:0VruCpn7yAIIu7pWVClQC8wxCJEcG3nyzpMSHKi1PQc=
github.com/garyburd/redigo v1.6.0/go.mod h1:NR3MbYisc3/PwhQ00EMzDiPmrwpPxAn5GI05/YaO1SY=
github.com/gomodule/redigo v2.0.0+incompatible h1:K/R+8tc58AaqLkqG2Ol3Qk+DR/TlNuhuh457pBFPtt0=
github.com/gomodule/redigo v2.0.0+incompatible/go.mod h1:B4C85qUVwatsJoIUNIfCRsp7qO0iAmpGFZ4EELWSbC4=
github.com/pmezard/go-difflib v1.0.0 h1:4DBwDE0NGyQoBHbLQYPwSUPoCMWR5BEzIk/f1lZbAQM=
github.com/pmezard/go-difflib v1.0.0/go.mod h1:iKH77koFhYxTK1pcRnkKkqfTogsbg7gZNVY4sRDYZ/4=
github.com/rafaeljusto/redigomock v0.0.0-20190202135759-257e089e14a1 h1:+kGqA4dNN5hn7WwvKdzHl0rdN5AEkbNZd0VjRltAiZg=
github.com/rafaeljusto/redigomock v0.0.0-20190202135759-257e089e14a1/go.mod h1:JaY6n2sDr+z2WTsXkOmNRUfDy6FN0L6Nk7x06ndm4tY=
github.com/shomali11/eventbus v0.0.0-20190207034150-f2f444f3a284 h1:AkoVkFpO6NtAs/QaNoTwxXds60vt6xMFsUDQSCjvLK0=
github.com/shomali11/eventbus v0.0.0-20190207034150-f2f444f3a284/go.mod h1:Rq5QorTbNWIxmpz+602R+jFf9ARXdkI+LscnguffMNU=
github.com/shomali11/maps v0.0.0-20180607005330-ed4929916122 h1:U6XWr1wHL/DztyvNfMG+PqeVMFcwd66S8asy6yQgx4U=
github.com/shomali11/maps v0.0.0-20180607005330-ed4929916122/go.mod h1:KoDTTDd/eH0K5LlcT8lTOKOI/Ou1+W+AYFodsD9pkWw=
github.com/shomali11/parallelizer v0.0.0-20180607005021-e11813c22f20 h1:M3YpJnHEPoD7ba89zbWIICtXTkq8LQguFFtdV4tF+RI=
github.com/shomali11/parallelizer v0.0.0-20180607005021-e11813c22f20/go.mod h1:HjzvRHgN5PGptIqjrdutIoZq4uCAemBTm/bGgnNLGiY=
github.com/shomali11/util v0.0.0-20180607005212-e0f70fd665ff h1:A47HTOEURe8GFXu/9ztnUzVgBBo0NlWoKmVPmfJ4LR8=
github.com/shomali11/util v0.0.0-20180607005212-e0f70fd665ff/go.mod h1:WWE2GJM9B5UpdOiwH2val10w/pvJ2cUUQOOA/4LgOng=
github.com/shomali11/xredis v0.0.0-20180607005902-1b70d5e72859 h1:IRGTbv1dDgWB34fcQ7a4kCzZLSyfl5qsc+HD4Opsj7c=
github.com/shomali11/xredis v0.0.0-20180607005902-1b70d5e72859/go.mod h1:MngUXw08Axu9rpVYh8JKOGST6NVefQHWCLDDV+DBRMA=
github.com/stretchr/objx v0.1.0/go.mod h1:HFkY916IF+rwdDfMAkV7OtwuqBVzrE8GR6GFx+wExME=
github.com/stretchr/testify v1.3.0 h1:TivCn/peBQ7UY8ooIcPgZFpTNSz0Q2U6UrFlUfqbe0Q=
github.com/stretchr/testify v1.3.0/go.mod h1:M5WIy9Dh21IEIfnGCwXGc5bZfKNJtfHm1UVUgZn+9EI=
